# generated by rye
# use `rye lock` or `rye sync` to update this lockfile
#
# last locked with the following flags:
#   pre: false
#   features: []
#   all-features: false
#   with-sources: false
#   generate-hashes: false

blacksheep==2.0.7
certifi==2024.6.2
    # via blacksheep
charset-normalizer==3.1.0
    # via blacksheep
click==8.1.7
    # via uvicorn
essentials==1.1.5
    # via blacksheep
    # via essentials-openapi
essentials-openapi==1.0.9
    # via blacksheep
guardpost==1.0.2
    # via blacksheep
h11==0.14.0
    # via uvicorn
httptools==0.6.1
    # via blacksheep
iniconfig==2.0.0
    # via pytest
itsdangerous==2.1.2
    # via blacksheep
markupsafe==2.1.5
    # via essentials-openapi
packaging==24.1
    # via pytest
pluggy==1.5.0
    # via pytest
pytest==8.2.2
    # via pytest-asyncio
pytest-asyncio==0.23.7
python-dateutil==2.8.2
    # via blacksheep
pyyaml==6.0.1
    # via essentials-openapi
rodi==2.0.6
    # via blacksheep
    # via guardpost
six==1.16.0
    # via python-dateutil
uvicorn==0.30.1
